// !$*UTF8*$!
{
	archiveVersion = 1;
	classes = {
	};
	objectVersion = 77;
	objects = {

/* Begin PBXContainerItemProxy section */
		97917BB02D0783120018D3CF /* PBXContainerItemProxy */ = {
			isa = PBXContainerItemProxy;
			containerPortal = 97917B972D07830F0018D3CF /* Project object */;
			proxyType = 1;
			remoteGlobalIDString = 97917B9E2D07830F0018D3CF;
			remoteInfo = UserManagerApp;
		};
		97917BBA2D0783120018D3CF /* PBXContainerItemProxy */ = {
			isa = PBXContainerItemProxy;
			containerPortal = 97917B972D07830F0018D3CF /* Project object */;
			proxyType = 1;
			remoteGlobalIDString = 97917B9E2D07830F0018D3CF;
			remoteInfo = UserManagerApp;
		};
		97917BEF2D07BB1F0018D3CF /* PBXContainerItemProxy */ = {
			isa = PBXContainerItemProxy;
			containerPortal = 97917B972D07830F0018D3CF /* Project object */;
			proxyType = 1;
			remoteGlobalIDString = 97917B9E2D07830F0018D3CF;
			remoteInfo = UserManagerApp;
		};
/* End PBXContainerItemProxy section */

/* Begin PBXFileReference section */
		97917B9F2D07830F0018D3CF /* UserManagerApp.app */ = {isa = PBXFileReference; explicitFileType = wrapper.application; includeInIndex = 0; path = UserManagerApp.app; sourceTree = BUILT_PRODUCTS_DIR; };
		97917BAF2D0783120018D3CF /* UserManagerAppTests.xctest */ = {isa = PBXFileReference; explicitFileType = wrapper.cfbundle; includeInIndex = 0; path = UserManagerAppTests.xctest; sourceTree = BUILT_PRODUCTS_DIR; };
		97917BB92D0783120018D3CF /* UserManagerAppUITests.xctest */ = {isa = PBXFileReference; explicitFileType = wrapper.cfbundle; includeInIndex = 0; path = UserManagerAppUITests.xctest; sourceTree = BUILT_PRODUCTS_DIR; };
		97917BEB2D07BB1F0018D3CF /* UserManagerAppTest.xctest */ = {isa = PBXFileReference; explicitFileType = wrapper.cfbundle; includeInIndex = 0; path = UserManagerAppTest.xctest; sourceTree = BUILT_PRODUCTS_DIR; };
/* End PBXFileReference section */

/* Begin PBXFileSystemSynchronizedRootGroup section */
		97917BA12D07830F0018D3CF /* UserManagerApp */ = {
			isa = PBXFileSystemSynchronizedRootGroup;
			path = UserManagerApp;
			sourceTree = "<group>";
		};
		97917BEC2D07BB1F0018D3CF /* UserManagerAppTest */ = {
			isa = PBXFileSystemSynchronizedRootGroup;
			path = UserManagerAppTest;
			sourceTree = "<group>";
		};
/* End PBXFileSystemSynchronizedRootGroup section */

/* Begin PBXFrameworksBuildPhase section */
		97917B9C2D07830F0018D3CF /* Frameworks */ = {
			isa = PBXFrameworksBuildPhase;
			buildActionMask = 2147483647;
			files = (
			);
			runOnlyForDeploymentPostprocessing = 0;
		};
		97917BAC2D0783120018D3CF /* Frameworks */ = {
			isa = PBXFrameworksBuildPhase;
			buildActionMask = 2147483647;
			files = (
			);
			runOnlyForDeploymentPostprocessing = 0;
		};
		97917BB62D0783120018D3CF /* Frameworks */ = {
			isa = PBXFrameworksBuildPhase;
			buildActionMask = 2147483647;
			files = (
			);
			runOnlyForDeploymentPostprocessing = 0;
		};
		97917BE82D07BB1F0018D3CF /* Frameworks */ = {
			isa = PBXFrameworksBuildPhase;
			buildActionMask = 2147483647;
			files = (
			);
			runOnlyForDeploymentPostprocessing = 0;
		};
/* End PBXFrameworksBuildPhase section */

/* Begin PBXGroup section */
		97917B962D07830F0018D3CF = {
			isa = PBXGroup;
			children = (
				97917BA12D07830F0018D3CF /* UserManagerApp */,
				97917BEC2D07BB1F0018D3CF /* UserManagerAppTest */,
				97917BA02D07830F0018D3CF /* Products */,
			);
			sourceTree = "<group>";
		};
		97917BA02D07830F0018D3CF /* Products */ = {
			isa = PBXGroup;
			children = (
				97917B9F2D07830F0018D3CF /* UserManagerApp.app */,
				97917BAF2D0783120018D3CF /* UserManagerAppTests.xctest */,
				97917BB92D0783120018D3CF /* UserManagerAppUITests.xctest */,
				97917BEB2D07BB1F0018D3CF /* UserManagerAppTest.xctest */,
			);
			name = Products;
			sourceTree = "<group>";
		};
/* End PBXGroup section */

/* Begin PBXNativeTarget section */
		97917B9E2D07830F0018D3CF /* UserManagerApp */ = {
			isa = PBXNativeTarget;
			buildConfigurationList = 97917BC32D0783120018D3CF /* Build configuration list for PBXNativeTarget "UserManagerApp" */;
			buildPhases = (
				97917B9B2D07830F0018D3CF /* Sources */,
				97917B9C2D07830F0018D3CF /* Frameworks */,
				97917B9D2D07830F0018D3CF /* Resources */,
			);
			buildRules = (
			);
			dependencies = (
			);
			fileSystemSynchronizedGroups = (
				97917BA12D07830F0018D3CF /* UserManagerApp */,
			);
			name = UserManagerApp;
			packageProductDependencies = (
			);
			productName = UserManagerApp;
			productReference = 97917B9F2D07830F0018D3CF /* UserManagerApp.app */;
			productType = "com.apple.product-type.application";
		};
		97917BAE2D0783120018D3CF /* UserManagerAppTests */ = {
			isa = PBXNativeTarget;
			buildConfigurationList = 97917BC62D0783120018D3CF /* Build configuration list for PBXNativeTarget "UserManagerAppTests" */;
			buildPhases = (
				97917BAB2D0783120018D3CF /* Sources */,
				97917BAC2D0783120018D3CF /* Frameworks */,
				97917BAD2D0783120018D3CF /* Resources */,
			);
			buildRules = (
			);
			dependencies = (
				97917BB12D0783120018D3CF /* PBXTargetDependency */,
			);
			name = UserManagerAppTests;
			packageProductDependencies = (
			);
			productName = UserManagerAppTests;
			productReference = 97917BAF2D0783120018D3CF /* UserManagerAppTests.xctest */;
			productType = "com.apple.product-type.bundle.unit-test";
		};
		97917BB82D0783120018D3CF /* UserManagerAppUITests */ = {
			isa = PBXNativeTarget;
			buildConfigurationList = 97917BC92D0783120018D3CF /* Build configuration list for PBXNativeTarget "UserManagerAppUITests" */;
			buildPhases = (
				97917BB52D0783120018D3CF /* Sources */,
				97917BB62D0783120018D3CF /* Frameworks */,
				97917BB72D0783120018D3CF /* Resources */,
			);
			buildRules = (
			);
			dependencies = (
				97917BBB2D0783120018D3CF /* PBXTargetDependency */,
			);
			name = UserManagerAppUITests;
			packageProductDependencies = (
			);
			productName = UserManagerAppUITests;
			productReference = 97917BB92D0783120018D3CF /* UserManagerAppUITests.xctest */;
			productType = "com.apple.product-type.bundle.ui-testing";
		};
		97917BEA2D07BB1F0018D3CF /* UserManagerAppTest */ = {
			isa = PBXNativeTarget;
			buildConfigurationList = 97917BF12D07BB1F0018D3CF /* Build configuration list for PBXNativeTarget "UserManagerAppTest" */;
			buildPhases = (
				97917BE72D07BB1F0018D3CF /* Sources */,
				97917BE82D07BB1F0018D3CF /* Frameworks */,
				97917BE92D07BB1F0018D3CF /* Resources */,
			);
			buildRules = (
			);
			dependencies = (
				97917BF02D07BB1F0018D3CF /* PBXTargetDependency */,
			);
			fileSystemSynchronizedGroups = (
				97917BEC2D07BB1F0018D3CF /* UserManagerAppTest */,
			);
			name = UserManagerAppTest;
			packageProductDependencies = (
			);
			productName = UserManagerAppTest;
			productReference = 97917BEB2D07BB1F0018D3CF /* UserManagerAppTest.xctest */;
			productType = "com.apple.product-type.bundle.unit-test";
		};
/* End PBXNativeTarget section */

/* Begin PBXProject section */
		97917B972D07830F0018D3CF /* Project object */ = {
			isa = PBXProject;
			attributes = {
				BuildIndependentTargetsInParallel = 1;
				LastSwiftUpdateCheck = 1610;
				LastUpgradeCheck = 1610;
				TargetAttributes = {
					97917B9E2D07830F0018D3CF = {
						CreatedOnToolsVersion = 16.1;
					};
					97917BAE2D0783120018D3CF = {
						CreatedOnToolsVersion = 16.1;
						TestTargetID = 97917B9E2D07830F0018D3CF;
					};
					97917BB82D0783120018D3CF = {
						CreatedOnToolsVersion = 16.1;
						TestTargetID = 97917B9E2D07830F0018D3CF;
					};
					97917BEA2D07BB1F0018D3CF = {
						CreatedOnToolsVersion = 16.1;
						TestTargetID = 97917B9E2D07830F0018D3CF;
					};
				};
			};
			buildConfigurationList = 97917B9A2D07830F0018D3CF /* Build configuration list for PBXProject "UserManagerApp" */;
			developmentRegion = en;
			hasScannedForEncodings = 0;
			knownRegions = (
				en,
				Base,
			);
			mainGroup = 97917B962D07830F0018D3CF;
			minimizedProjectReferenceProxies = 1;
			preferredProjectObjectVersion = 77;
			productRefGroup = 97917BA02D07830F0018D3CF /* Products */;
			projectDirPath = "";
			projectRoot = "";
			targets = (
				97917B9E2D07830F0018D3CF /* UserManagerApp */,
				97917BAE2D0783120018D3CF /* UserManagerAppTests */,
				97917BB82D0783120018D3CF /* UserManagerAppUITests */,
				97917BEA2D07BB1F0018D3CF /* UserManagerAppTest */,
			);
		};
/* End PBXProject section */

/* Begin PBXResourcesBuildPhase section */
		97917B9D2D07830F0018D3CF /* Resources */ = {
			isa = PBXResourcesBuildPhase;
			buildActionMask = 2147483647;
			files = (
			);
			runOnlyForDeploymentPostprocessing = 0;
		};
		97917BAD2D0783120018D3CF /* Resources */ = {
			isa = PBXResourcesBuildPhase;
			buildActionMask = 2147483647;
			files = (
			);
			runOnlyForDeploymentPostprocessing = 0;
		};
		97917BB72D0783120018D3CF /* Resources */ = {
			isa = PBXResourcesBuildPhase;
			buildActionMask = 2147483647;
			files = (
			);
			runOnlyForDeploymentPostprocessing = 0;
		};
		97917BE92D07BB1F0018D3CF /* Resources */ = {
			isa = PBXResourcesBuildPhase;
			buildActionMask = 2147483647;
			files = (
			);
			runOnlyForDeploymentPostprocessing = 0;
		};
/* End PBXResourcesBuildPhase section */

/* Begin PBXSourcesBuildPhase section */
		97917B9B2D07830F0018D3CF /* Sources */ = {
			isa = PBXSourcesBuildPhase;
			buildActionMask = 2147483647;
			files = (
			);
			runOnlyForDeploymentPostprocessing = 0;
		};
		97917BAB2D0783120018D3CF /* Sources */ = {
			isa = PBXSourcesBuildPhase;
			buildActionMask = 2147483647;
			files = (
			);
			runOnlyForDeploymentPostprocessing = 0;
		};
		97917BB52D0783120018D3CF /* Sources */ = {
			isa = PBXSourcesBuildPhase;
			buildActionMask = 2147483647;
			files = (
			);
			runOnlyForDeploymentPostprocessing = 0;
		};
		97917BE72D07BB1F0018D3CF /* Sources */ = {
			isa = PBXSourcesBuildPhase;
			buildActionMask = 2147483647;
			files = (
			);
			runOnlyForDeploymentPostprocessing = 0;
		};
/* End PBXSourcesBuildPhase section */

/* Begin PBXTargetDependency section */
		97917BB12D0783120018D3CF /* PBXTargetDependency */ = {
			isa = PBXTargetDependency;
			target = 97917B9E2D07830F0018D3CF /* UserManagerApp */;
			targetProxy = 97917BB02D0783120018D3CF /* PBXContainerItemProxy */;
		};
		97917BBB2D0783120018D3CF /* PBXTargetDependency */ = {
			isa = PBXTargetDependency;
			target = 97917B9E2D07830F0018D3CF /* UserManagerApp */;
			targetProxy = 97917BBA2D0783120018D3CF /* PBXContainerItemProxy */;
		};
		97917BF02D07BB1F0018D3CF /* PBXTargetDependency */ = {
			isa = PBXTargetDependency;
			target = 97917B9E2D07830F0018D3CF /* UserManagerApp */;
			targetProxy = 97917BEF2D07BB1F0018D3CF /* PBXContainerItemProxy */;
		};
/* End PBXTargetDependency section */

/* Begin XCBuildConfiguration section */
		97917BC12D0783120018D3CF /* Debug */ = {
			isa = XCBuildConfiguration;
			buildSettings = {
				ALWAYS_SEARCH_USER_PATHS = NO;
				ASSETCATALOG_COMPILER_GENERATE_SWIFT_ASSET_SYMBOL_EXTENSIONS = YES;
				CLANG_ANALYZER_NONNULL = YES;
				CLANG_ANALYZER_NUMBER_OBJECT_CONVERSION = YES_AGGRESSIVE;
				CLANG_CXX_LANGUAGE_STANDARD = "gnu++20";
				CLANG_ENABLE_MODULES = YES;
				CLANG_ENABLE_OBJC_ARC = YES;
				CLANG_ENABLE_OBJC_WEAK = YES;
				CLANG_WARN_BLOCK_CAPTURE_AUTORELEASING = YES;
				CLANG_WARN_BOOL_CONVERSION = YES;
				CLANG_WARN_COMMA = YES;
				CLANG_WARN_CONSTANT_CONVERSION = YES;
				CLANG_WARN_DEPRECATED_OBJC_IMPLEMENTATIONS = YES;
				CLANG_WARN_DIRECT_OBJC_ISA_USAGE = YES_ERROR;
				CLANG_WARN_DOCUMENTATION_COMMENTS = YES;
				CLANG_WARN_EMPTY_BODY = YES;
				CLANG_WARN_ENUM_CONVERSION = YES;
				CLANG_WARN_INFINITE_RECURSION = YES;
				CLANG_WARN_INT_CONVERSION = YES;
				CLANG_WARN_NON_LITERAL_NULL_CONVERSION = YES;
				CLANG_WARN_OBJC_IMPLICIT_RETAIN_SELF = YES;
				CLANG_WARN_OBJC_LITERAL_CONVERSION = YES;
				CLANG_WARN_OBJC_ROOT_CLASS = YES_ERROR;
				CLANG_WARN_QUOTED_INCLUDE_IN_FRAMEWORK_HEADER = YES;
				CLANG_WARN_RANGE_LOOP_ANALYSIS = YES;
				CLANG_WARN_STRICT_PROTOTYPES = YES;
				CLANG_WARN_SUSPICIOUS_MOVE = YES;
				CLANG_WARN_UNGUARDED_AVAILABILITY = YES_AGGRESSIVE;
				CLANG_WARN_UNREACHABLE_CODE = YES;
				CLANG_WARN__DUPLICATE_METHOD_MATCH = YES;
				COPY_PHASE_STRIP = NO;
				DEBUG_INFORMATION_FORMAT = dwarf;
				ENABLE_STRICT_OBJC_MSGSEND = YES;
				ENABLE_TESTABILITY = YES;
				ENABLE_USER_SCRIPT_SANDBOXING = YES;
				GCC_C_LANGUAGE_STANDARD = gnu17;
				GCC_DYNAMIC_NO_PIC = NO;
				GCC_NO_COMMON_BLOCKS = YES;
				GCC_OPTIMIZATION_LEVEL = 0;
				GCC_PREPROCESSOR_DEFINITIONS = (
					"DEBUG=1",
					"$(inherited)",
				);
				GCC_WARN_64_TO_32_BIT_CONVERSION = YES;
				GCC_WARN_ABOUT_RETURN_TYPE = YES_ERROR;
				GCC_WARN_UNDECLARED_SELECTOR = YES;
				GCC_WARN_UNINITIALIZED_AUTOS = YES_AGGRESSIVE;
				GCC_WARN_UNUSED_FUNCTION = YES;
				GCC_WARN_UNUSED_VARIABLE = YES;
				IPHONEOS_DEPLOYMENT_TARGET = 18.1;
				LOCALIZATION_PREFERS_STRING_CATALOGS = YES;
				MTL_ENABLE_DEBUG_INFO = INCLUDE_SOURCE;
				MTL_FAST_MATH = YES;
				ONLY_ACTIVE_ARCH = YES;
				SDKROOT = iphoneos;
				SWIFT_ACTIVE_COMPILATION_CONDITIONS = "DEBUG $(inherited)";
				SWIFT_OPTIMIZATION_LEVEL = "-Onone";
			};
			name = Debug;
		};
		97917BC22D0783120018D3CF /* Release */ = {
			isa = XCBuildConfiguration;
			buildSettings = {
				ALWAYS_SEARCH_USER_PATHS = NO;
				ASSETCATALOG_COMPILER_GENERATE_SWIFT_ASSET_SYMBOL_EXTENSIONS = YES;
				CLANG_ANALYZER_NONNULL = YES;
				CLANG_ANALYZER_NUMBER_OBJECT_CONVERSION = YES_AGGRESSIVE;
				CLANG_CXX_LANGUAGE_STANDARD = "gnu++20";
				CLANG_ENABLE_MODULES = YES;
				CLANG_ENABLE_OBJC_ARC = YES;
				CLANG_ENABLE_OBJC_WEAK = YES;
				CLANG_WARN_BLOCK_CAPTURE_AUTORELEASING = YES;
				CLANG_WARN_BOOL_CONVERSION = YES;
				CLANG_WARN_COMMA = YES;
				CLANG_WARN_CONSTANT_CONVERSION = YES;
				CLANG_WARN_DEPRECATED_OBJC_IMPLEMENTATIONS = YES;
				CLANG_WARN_DIRECT_OBJC_ISA_USAGE = YES_ERROR;
				CLANG_WARN_DOCUMENTATION_COMMENTS = YES;
				CLANG_WARN_EMPTY_BODY = YES;
				CLANG_WARN_ENUM_CONVERSION = YES;
				CLANG_WARN_INFINITE_RECURSION = YES;
				CLANG_WARN_INT_CONVERSION = YES;
				CLANG_WARN_NON_LITERAL_NULL_CONVERSION = YES;
				CLANG_WARN_OBJC_IMPLICIT_RETAIN_SELF = YES;
				CLANG_WARN_OBJC_LITERAL_CONVERSION = YES;
				CLANG_WARN_OBJC_ROOT_CLASS = YES_ERROR;
				CLANG_WARN_QUOTED_INCLUDE_IN_FRAMEWORK_HEADER = YES;
				CLANG_WARN_RANGE_LOOP_ANALYSIS = YES;
				CLANG_WARN_STRICT_PROTOTYPES = YES;
				CLANG_WARN_SUSPICIOUS_MOVE = YES;
				CLANG_WARN_UNGUARDED_AVAILABILITY = YES_AGGRESSIVE;
				CLANG_WARN_UNREACHABLE_CODE = YES;
				CLANG_WARN__DUPLICATE_METHOD_MATCH = YES;
				COPY_PHASE_STRIP = NO;
				DEBUG_INFORMATION_FORMAT = "dwarf-with-dsym";
				ENABLE_NS_ASSERTIONS = NO;
				ENABLE_STRICT_OBJC_MSGSEND = YES;
				ENABLE_USER_SCRIPT_SANDBOXING = YES;
				GCC_C_LANGUAGE_STANDARD = gnu17;
				GCC_NO_COMMON_BLOCKS = YES;
				GCC_WARN_64_TO_32_BIT_CONVERSION = YES;
				GCC_WARN_ABOUT_RETURN_TYPE = YES_ERROR;
				GCC_WARN_UNDECLARED_SELECTOR = YES;
				GCC_WARN_UNINITIALIZED_AUTOS = YES_AGGRESSIVE;
				GCC_WARN_UNUSED_FUNCTION = YES;
				GCC_WARN_UNUSED_VARIABLE = YES;
				IPHONEOS_DEPLOYMENT_TARGET = 18.1;
				LOCALIZATION_PREFERS_STRING_CATALOGS = YES;
				MTL_ENABLE_DEBUG_INFO = NO;
				MTL_FAST_MATH = YES;
				SDKROOT = iphoneos;
				SWIFT_COMPILATION_MODE = wholemodule;
				VALIDATE_PRODUCT = YES;
			};
			name = Release;
		};
		97917BC42D0783120018D3CF /* Debug */ = {
			isa = XCBuildConfiguration;
			buildSettings = {
				ASSETCATALOG_COMPILER_APPICON_NAME = AppIcon;
				ASSETCATALOG_COMPILER_GLOBAL_ACCENT_COLOR_NAME = AccentColor;
				CODE_SIGN_STYLE = Automatic;
				CURRENT_PROJECT_VERSION = 1;
				DEVELOPMENT_ASSET_PATHS = "\"UserManagerApp/Preview Content\"";
				ENABLE_PREVIEWS = YES;
				GENERATE_INFOPLIST_FILE = YES;
				INFOPLIST_KEY_UIApplicationSceneManifest_Generation = YES;
				INFOPLIST_KEY_UIApplicationSupportsIndirectInputEvents = YES;
				INFOPLIST_KEY_UILaunchScreen_Generation = YES;
				INFOPLIST_KEY_UISupportedInterfaceOrientations_iPad = "UIInterfaceOrientationPortrait UIInterfaceOrientationPortraitUpsideDown UIInterfaceOrientationLandscapeLeft UIInterfaceOrientationLandscapeRight";
				INFOPLIST_KEY_UISupportedInterfaceOrientations_iPhone = "UIInterfaceOrientationPortrait UIInterfaceOrientationLandscapeLeft UIInterfaceOrientationLandscapeRight";
				LD_RUNPATH_SEARCH_PATHS = (
					"$(inherited)",
					"@executable_path/Frameworks",
				);
				MARKETING_VERSION = 1.0;
				PRODUCT_BUNDLE_IDENTIFIER = com.fabiola.fonseca.UserManagerApp;
				PRODUCT_NAME = "$(TARGET_NAME)";
				SWIFT_EMIT_LOC_STRINGS = YES;
				SWIFT_VERSION = 5.0;
				TARGETED_DEVICE_FAMILY = "1,2";
			};
			name = Debug;
		};
		97917BC52D0783120018D3CF /* Release */ = {
			isa = XCBuildConfiguration;
			buildSettings = {
				ASSETCATALOG_COMPILER_APPICON_NAME = AppIcon;
				ASSETCATALOG_COMPILER_GLOBAL_ACCENT_COLOR_NAME = AccentColor;
				CODE_SIGN_STYLE = Automatic;
				CURRENT_PROJECT_VERSION = 1;
				DEVELOPMENT_ASSET_PATHS = "\"UserManagerApp/Preview Content\"";
				ENABLE_PREVIEWS = YES;
				GENERATE_INFOPLIST_FILE = YES;
				INFOPLIST_KEY_UIApplicationSceneManifest_Generation = YES;
				INFOPLIST_KEY_UIApplicationSupportsIndirectInputEvents = YES;
				INFOPLIST_KEY_UILaunchScreen_Generation = YES;
				INFOPLIST_KEY_UISupportedInterfaceOrientations_iPad = "UIInterfaceOrientationPortrait UIInterfaceOrientationPortraitUpsideDown UIInterfaceOrientationLandscapeLeft UIInterfaceOrientationLandscapeRight";
				INFOPLIST_KEY_UISupportedInterfaceOrientations_iPhone = "UIInterfaceOrientationPortrait UIInterfaceOrientationLandscapeLeft UIInterfaceOrientationLandscapeRight";
				LD_RUNPATH_SEARCH_PATHS = (
					"$(inherited)",
					"@executable_path/Frameworks",
				);
				MARKETING_VERSION = 1.0;
				PRODUCT_BUNDLE_IDENTIFIER = com.fabiola.fonseca.UserManagerApp;
				PRODUCT_NAME = "$(TARGET_NAME)";
				SWIFT_EMIT_LOC_STRINGS = YES;
				SWIFT_VERSION = 5.0;
				TARGETED_DEVICE_FAMILY = "1,2";
			};
			name = Release;
		};
		97917BC72D0783120018D3CF /* Debug */ = {
			isa = XCBuildConfiguration;
			buildSettings = {
				BUNDLE_LOADER = "$(TEST_HOST)";
				CODE_SIGN_STYLE = Automatic;
				CURRENT_PROJECT_VERSION = 1;
				GENERATE_INFOPLIST_FILE = YES;
				IPHONEOS_DEPLOYMENT_TARGET = 18.1;
				MARKETING_VERSION = 1.0;
				PRODUCT_BUNDLE_IDENTIFIER = com.fabiola.fonseca.UserManagerAppTests;
				PRODUCT_NAME = "$(TARGET_NAME)";
				SWIFT_EMIT_LOC_STRINGS = NO;
				SWIFT_VERSION = 5.0;
				TARGETED_DEVICE_FAMILY = "1,2";
				TEST_HOST = "$(BUILT_PRODUCTS_DIR)/UserManagerApp.app/$(BUNDLE_EXECUTABLE_FOLDER_PATH)/UserManagerApp";
			};
			name = Debug;
		};
		97917BC82D0783120018D3CF /* Release */ = {
			isa = XCBuildConfiguration;
			buildSettings = {
				BUNDLE_LOADER = "$(TEST_HOST)";
				CODE_SIGN_STYLE = Automatic;
				CURRENT_PROJECT_VERSION = 1;
				GENERATE_INFOPLIST_FILE = YES;
				IPHONEOS_DEPLOYMENT_TARGET = 18.1;
				MARKETING_VERSION = 1.0;
				PRODUCT_BUNDLE_IDENTIFIER = com.fabiola.fonseca.UserManagerAppTests;
				PRODUCT_NAME = "$(TARGET_NAME)";
				SWIFT_EMIT_LOC_STRINGS = NO;
				SWIFT_VERSION = 5.0;
				TARGETED_DEVICE_FAMILY = "1,2";
				TEST_HOST = "$(BUILT_PRODUCTS_DIR)/UserManagerApp.app/$(BUNDLE_EXECUTABLE_FOLDER_PATH)/UserManagerApp";
			};
			name = Release;
		};
		97917BCA2D0783120018D3CF /* Debug */ = {
			isa = XCBuildConfiguration;
			buildSettings = {
				CODE_SIGN_STYLE = Automatic;
				CURRENT_PROJECT_VERSION = 1;
				GENERATE_INFOPLIST_FILE = YES;
				MARKETING_VERSION = 1.0;
				PRODUCT_BUNDLE_IDENTIFIER = com.fabiola.fonseca.UserManagerAppUITests;
				PRODUCT_NAME = "$(TARGET_NAME)";
				SWIFT_EMIT_LOC_STRINGS = NO;
				SWIFT_VERSION = 5.0;
				TARGETED_DEVICE_FAMILY = "1,2";
				TEST_TARGET_NAME = UserManagerApp;
			};
			name = Debug;
		};
		97917BCB2D0783120018D3CF /* Release */ = {
			isa = XCBuildConfiguration;
			buildSettings = {
				CODE_SIGN_STYLE = Automatic;
				CURRENT_PROJECT_VERSION = 1;
				GENERATE_INFOPLIST_FILE = YES;
				MARKETING_VERSION = 1.0;
				PRODUCT_BUNDLE_IDENTIFIER = com.fabiola.fonseca.UserManagerAppUITests;
				PRODUCT_NAME = "$(TARGET_NAME)";
				SWIFT_EMIT_LOC_STRINGS = NO;
				SWIFT_VERSION = 5.0;
				TARGETED_DEVICE_FAMILY = "1,2";
				TEST_TARGET_NAME = UserManagerApp;
			};
			name = Release;
		};
		97917BF22D07BB1F0018D3CF /* Debug */ = {
			isa = XCBuildConfiguration;
			buildSettings = {
				BUNDLE_LOADER = "$(TEST_HOST)";
				CODE_SIGN_STYLE = Automatic;
				CURRENT_PROJECT_VERSION = 1;
				GENERATE_INFOPLIST_FILE = YES;
				MARKETING_VERSION = 1.0;
				PRODUCT_BUNDLE_IDENTIFIER = com.fabiola.fonseca.UserManagerAppTest;
				PRODUCT_NAME = "$(TARGET_NAME)";
				SWIFT_EMIT_LOC_STRINGS = NO;
				SWIFT_VERSION = 5.0;
				TARGETED_DEVICE_FAMILY = "1,2";
				TEST_HOST = "$(BUILT_PRODUCTS_DIR)/UserManagerApp.app/$(BUNDLE_EXECUTABLE_FOLDER_PATH)/UserManagerApp";
			};
			name = Debug;
		};
		97917BF32D07BB1F0018D3CF /* Release */ = {
			isa = XCBuildConfiguration;
			buildSettings = {
				BUNDLE_LOADER = "$(TEST_HOST)";
				CODE_SIGN_STYLE = Automatic;
				CURRENT_PROJECT_VERSION = 1;
				GENERATE_INFOPLIST_FILE = YES;
				MARKETING_VERSION = 1.0;
				PRODUCT_BUNDLE_IDENTIFIER = com.fabiola.fonseca.UserManagerAppTest;
				PRODUCT_NAME = "$(TARGET_NAME)";
				SWIFT_EMIT_LOC_STRINGS = NO;
				SWIFT_VERSION = 5.0;
				TARGETED_DEVICE_FAMILY = "1,2";
				TEST_HOST = "$(BUILT_PRODUCTS_DIR)/UserManagerApp.app/$(BUNDLE_EXECUTABLE_FOLDER_PATH)/UserManagerApp";
			};
			name = Release;
		};
/* End XCBuildConfiguration section */

/* Begin XCConfigurationList section */
		97917B9A2D07830F0018D3CF /* Build configuration list for PBXProject "UserManagerApp" */ = {
			isa = XCConfigurationList;
			buildConfigurations = (
				97917BC12D0783120018D3CF /* Debug */,
				97917BC22D0783120018D3CF /* Release */,
			);
			defaultConfigurationIsVisible = 0;
			defaultConfigurationName = Release;
		};
		97917BC32D0783120018D3CF /* Build configuration list for PBXNativeTarget "UserManagerApp" */ = {
			isa = XCConfigurationList;
			buildConfigurations = (
				97917BC42D0783120018D3CF /* Debug */,
				97917BC52D0783120018D3CF /* Release */,
			);
			defaultConfigurationIsVisible = 0;
			defaultConfigurationName = Release;
		};
		97917BC62D0783120018D3CF /* Build configuration list for PBXNativeTarget "UserManagerAppTests" */ = {
			isa = XCConfigurationList;
			buildConfigurations = (
				97917BC72D0783120018D3CF /* Debug */,
				97917BC82D0783120018D3CF /* Release */,
			);
			defaultConfigurationIsVisible = 0;
			defaultConfigurationName = Release;
		};
		97917BC92D0783120018D3CF /* Build configuration list for PBXNativeTarget "UserManagerAppUITests" */ = {
			isa = XCConfigurationList;
			buildConfigurations = (
				97917BCA2D0783120018D3CF /* Debug */,
				97917BCB2D0783120018D3CF /* Release */,
			);
			defaultConfigurationIsVisible = 0;
			defaultConfigurationName = Release;
		};
		97917BF12D07BB1F0018D3CF /* Build configuration list for PBXNativeTarget "UserManagerAppTest" */ = {
			isa = XCConfigurationList;
			buildConfigurations = (
				97917BF22D07BB1F0018D3CF /* Debug */,
				97917BF32D07BB1F0018D3CF /* Release */,
			);
			defaultConfigurationIsVisible = 0;
			defaultConfigurationName = Release;
		};
/* End XCConfigurationList section */
	};
	rootObject = 97917B972D07830F0018D3CF /* Project object */;
}
